// !$*UTF8*$!
{
	archiveVersion = 1;
	classes = {
	};
	objectVersion = 77;
	objects = {

/* Begin PBXBuildFile section */
		2073F7852D8FE0AD0048C8FA /* AsyncSwiftUI in Frameworks */ = {isa = PBXBuildFile; productRef = 2073F7842D8FE0AD0048C8FA /* AsyncSwiftUI */; };
		2073F7882D8FE0CD0048C8FA /* LicenseList in Frameworks */ = {isa = PBXBuildFile; productRef = 2073F7872D8FE0CD0048C8FA /* LicenseList */; };
		2073F78B2D8FE0F00048C8FA /* MemberwiseInit in Frameworks */ = {isa = PBXBuildFile; productRef = 2073F78A2D8FE0F00048C8FA /* MemberwiseInit */; };
/* End PBXBuildFile section */

/* Begin PBXContainerItemProxy section */
		201269F32D3A377C00860F53 /* PBXContainerItemProxy */ = {
			isa = PBXContainerItemProxy;
			containerPortal = 201269D62D3A377800860F53 /* Project object */;
			proxyType = 1;
			remoteGlobalIDString = 201269DD2D3A377800860F53;
			remoteInfo = Expence;
		};
		201269FD2D3A377C00860F53 /* PBXContainerItemProxy */ = {
			isa = PBXContainerItemProxy;
			containerPortal = 201269D62D3A377800860F53 /* Project object */;
			proxyType = 1;
			remoteGlobalIDString = 201269DD2D3A377800860F53;
			remoteInfo = Expence;
		};
/* End PBXContainerItemProxy section */

/* Begin PBXFileReference section */
		201269DE2D3A377800860F53 /* Expence.app */ = {isa = PBXFileReference; explicitFileType = wrapper.application; includeInIndex = 0; path = Expence.app; sourceTree = BUILT_PRODUCTS_DIR; };
		201269F22D3A377C00860F53 /* ExpenceTests.xctest */ = {isa = PBXFileReference; explicitFileType = wrapper.cfbundle; includeInIndex = 0; path = ExpenceTests.xctest; sourceTree = BUILT_PRODUCTS_DIR; };
		201269FC2D3A377C00860F53 /* ExpenceUITests.xctest */ = {isa = PBXFileReference; explicitFileType = wrapper.cfbundle; includeInIndex = 0; path = ExpenceUITests.xctest; sourceTree = BUILT_PRODUCTS_DIR; };
/* End PBXFileReference section */

/* Begin PBXFileSystemSynchronizedBuildFileExceptionSet section */
		20126A042D3A377C00860F53 /* Exceptions for "Expence" folder in "Expence" target */ = {
			isa = PBXFileSystemSynchronizedBuildFileExceptionSet;
			membershipExceptions = (
				Info.plist,
			);
			target = 201269DD2D3A377800860F53 /* Expence */;
		};
/* End PBXFileSystemSynchronizedBuildFileExceptionSet section */

/* Begin PBXFileSystemSynchronizedRootGroup section */
		201269E02D3A377800860F53 /* Expence */ = {
			isa = PBXFileSystemSynchronizedRootGroup;
			exceptions = (
				20126A042D3A377C00860F53 /* Exceptions for "Expence" folder in "Expence" target */,
			);
			path = Expence;
			sourceTree = "<group>";
		};
		201269F52D3A377C00860F53 /* ExpenceTests */ = {
			isa = PBXFileSystemSynchronizedRootGroup;
			path = ExpenceTests;
			sourceTree = "<group>";
		};
		201269FF2D3A377C00860F53 /* ExpenceUITests */ = {
			isa = PBXFileSystemSynchronizedRootGroup;
			path = ExpenceUITests;
			sourceTree = "<group>";
		};
/* End PBXFileSystemSynchronizedRootGroup section */

/* Begin PBXFrameworksBuildPhase section */
		201269DB2D3A377800860F53 /* Frameworks */ = {
			isa = PBXFrameworksBuildPhase;
			buildActionMask = 2147483647;
			files = (
				2073F7882D8FE0CD0048C8FA /* LicenseList in Frameworks */,
				2073F78B2D8FE0F00048C8FA /* MemberwiseInit in Frameworks */,
				2073F7852D8FE0AD0048C8FA /* AsyncSwiftUI in Frameworks */,
			);
			runOnlyForDeploymentPostprocessing = 0;
		};
		201269EF2D3A377C00860F53 /* Frameworks */ = {
			isa = PBXFrameworksBuildPhase;
			buildActionMask = 2147483647;
			files = (
			);
			runOnlyForDeploymentPostprocessing = 0;
		};
		201269F92D3A377C00860F53 /* Frameworks */ = {
			isa = PBXFrameworksBuildPhase;
			buildActionMask = 2147483647;
			files = (
			);
			runOnlyForDeploymentPostprocessing = 0;
		};
/* End PBXFrameworksBuildPhase section */

/* Begin PBXGroup section */
		201269D52D3A377800860F53 = {
			isa = PBXGroup;
			children = (
				201269E02D3A377800860F53 /* Expence */,
				201269F52D3A377C00860F53 /* ExpenceTests */,
				201269FF2D3A377C00860F53 /* ExpenceUITests */,
				201269DF2D3A377800860F53 /* Products */,
			);
			sourceTree = "<group>";
		};
		201269DF2D3A377800860F53 /* Products */ = {
			isa = PBXGroup;
			children = (
				201269DE2D3A377800860F53 /* Expence.app */,
				201269F22D3A377C00860F53 /* ExpenceTests.xctest */,
				201269FC2D3A377C00860F53 /* ExpenceUITests.xctest */,
			);
			name = Products;
			sourceTree = "<group>";
		};
/* End PBXGroup section */

/* Begin PBXNativeTarget section */
		201269DD2D3A377800860F53 /* Expence */ = {
			isa = PBXNativeTarget;
			buildConfigurationList = 20126A052D3A377C00860F53 /* Build configuration list for PBXNativeTarget "Expence" */;
			buildPhases = (
				201269DA2D3A377800860F53 /* Sources */,
				201269DB2D3A377800860F53 /* Frameworks */,
				201269DC2D3A377800860F53 /* Resources */,
			);
			buildRules = (
			);
			dependencies = (
			);
			fileSystemSynchronizedGroups = (
				201269E02D3A377800860F53 /* Expence */,
			);
			name = Expence;
			packageProductDependencies = (
				2073F7842D8FE0AD0048C8FA /* AsyncSwiftUI */,
				2073F7872D8FE0CD0048C8FA /* LicenseList */,
				2073F78A2D8FE0F00048C8FA /* MemberwiseInit */,
			);
			productName = Expence;
			productReference = 201269DE2D3A377800860F53 /* Expence.app */;
			productType = "com.apple.product-type.application";
		};
		201269F12D3A377C00860F53 /* ExpenceTests */ = {
			isa = PBXNativeTarget;
			buildConfigurationList = 20126A0A2D3A377C00860F53 /* Build configuration list for PBXNativeTarget "ExpenceTests" */;
			buildPhases = (
				201269EE2D3A377C00860F53 /* Sources */,
				201269EF2D3A377C00860F53 /* Frameworks */,
				201269F02D3A377C00860F53 /* Resources */,
			);
			buildRules = (
			);
			dependencies = (
				201269F42D3A377C00860F53 /* PBXTargetDependency */,
			);
			fileSystemSynchronizedGroups = (
				201269F52D3A377C00860F53 /* ExpenceTests */,
			);
			name = ExpenceTests;
			packageProductDependencies = (
			);
			productName = ExpenceTests;
			productReference = 201269F22D3A377C00860F53 /* ExpenceTests.xctest */;
			productType = "com.apple.product-type.bundle.unit-test";
		};
		201269FB2D3A377C00860F53 /* ExpenceUITests */ = {
			isa = PBXNativeTarget;
			buildConfigurationList = 20126A0D2D3A377C00860F53 /* Build configuration list for PBXNativeTarget "ExpenceUITests" */;
			buildPhases = (
				201269F82D3A377C00860F53 /* Sources */,
				201269F92D3A377C00860F53 /* Frameworks */,
				201269FA2D3A377C00860F53 /* Resources */,
			);
			buildRules = (
			);
			dependencies = (
				201269FE2D3A377C00860F53 /* PBXTargetDependency */,
			);
			fileSystemSynchronizedGroups = (
				201269FF2D3A377C00860F53 /* ExpenceUITests */,
			);
			name = ExpenceUITests;
			packageProductDependencies = (
			);
			productName = ExpenceUITests;
			productReference = 201269FC2D3A377C00860F53 /* ExpenceUITests.xctest */;
			productType = "com.apple.product-type.bundle.ui-testing";
		};
/* End PBXNativeTarget section */

/* Begin PBXProject section */
		201269D62D3A377800860F53 /* Project object */ = {
			isa = PBXProject;
			attributes = {
				BuildIndependentTargetsInParallel = 1;
				LastSwiftUpdateCheck = 1620;
				LastUpgradeCheck = 1620;
				TargetAttributes = {
					201269DD2D3A377800860F53 = {
						CreatedOnToolsVersion = 16.2;
					};
					201269F12D3A377C00860F53 = {
						CreatedOnToolsVersion = 16.2;
						TestTargetID = 201269DD2D3A377800860F53;
					};
					201269FB2D3A377C00860F53 = {
						CreatedOnToolsVersion = 16.2;
						TestTargetID = 201269DD2D3A377800860F53;
					};
				};
			};
			buildConfigurationList = 201269D92D3A377800860F53 /* Build configuration list for PBXProject "Expence" */;
			developmentRegion = en;
			hasScannedForEncodings = 0;
			knownRegions = (
				en,
				Base,
			);
			mainGroup = 201269D52D3A377800860F53;
			minimizedProjectReferenceProxies = 1;
			packageReferences = (
				2073F7832D8FE0AD0048C8FA /* XCRemoteSwiftPackageReference "async-swift-ui" */,
				2073F7862D8FE0CD0048C8FA /* XCRemoteSwiftPackageReference "LicenseList" */,
				2073F7892D8FE0F00048C8FA /* XCRemoteSwiftPackageReference "swift-memberwise-init-macro" */,
			);
			preferredProjectObjectVersion = 77;
			productRefGroup = 201269DF2D3A377800860F53 /* Products */;
			projectDirPath = "";
			projectRoot = "";
			targets = (
				201269DD2D3A377800860F53 /* Expence */,
				201269F12D3A377C00860F53 /* ExpenceTests */,
				201269FB2D3A377C00860F53 /* ExpenceUITests */,
			);
		};
/* End PBXProject section */

/* Begin PBXResourcesBuildPhase section */
		201269DC2D3A377800860F53 /* Resources */ = {
			isa = PBXResourcesBuildPhase;
			buildActionMask = 2147483647;
			files = (
			);
			runOnlyForDeploymentPostprocessing = 0;
		};
		201269F02D3A377C00860F53 /* Resources */ = {
			isa = PBXResourcesBuildPhase;
			buildActionMask = 2147483647;
			files = (
			);
			runOnlyForDeploymentPostprocessing = 0;
		};
		201269FA2D3A377C00860F53 /* Resources */ = {
			isa = PBXResourcesBuildPhase;
			buildActionMask = 2147483647;
			files = (
			);
			runOnlyForDeploymentPostprocessing = 0;
		};
/* End PBXResourcesBuildPhase section */

/* Begin PBXSourcesBuildPhase section */
		201269DA2D3A377800860F53 /* Sources */ = {
			isa = PBXSourcesBuildPhase;
			buildActionMask = 2147483647;
			files = (
			);
			runOnlyForDeploymentPostprocessing = 0;
		};
		201269EE2D3A377C00860F53 /* Sources */ = {
			isa = PBXSourcesBuildPhase;
			buildActionMask = 2147483647;
			files = (
			);
			runOnlyForDeploymentPostprocessing = 0;
		};
		201269F82D3A377C00860F53 /* Sources */ = {
			isa = PBXSourcesBuildPhase;
			buildActionMask = 2147483647;
			files = (
			);
			runOnlyForDeploymentPostprocessing = 0;
		};
/* End PBXSourcesBuildPhase section */

/* Begin PBXTargetDependency section */
		201269F42D3A377C00860F53 /* PBXTargetDependency */ = {
			isa = PBXTargetDependency;
			target = 201269DD2D3A377800860F53 /* Expence */;
			targetProxy = 201269F32D3A377C00860F53 /* PBXContainerItemProxy */;
		};
		201269FE2D3A377C00860F53 /* PBXTargetDependency */ = {
			isa = PBXTargetDependency;
			target = 201269DD2D3A377800860F53 /* Expence */;
			targetProxy = 201269FD2D3A377C00860F53 /* PBXContainerItemProxy */;
		};
/* End PBXTargetDependency section */

/* Begin XCBuildConfiguration section */
		20126A062D3A377C00860F53 /* Debug */ = {
			isa = XCBuildConfiguration;
			buildSettings = {
				ASSETCATALOG_COMPILER_APPICON_NAME = AppIcon;
				ASSETCATALOG_COMPILER_GLOBAL_ACCENT_COLOR_NAME = AccentColor;
				CODE_SIGN_ENTITLEMENTS = Expence/Expence.entitlements;
				CODE_SIGN_STYLE = Automatic;
				CURRENT_PROJECT_VERSION = 1;
				DEVELOPMENT_ASSET_PATHS = "\"Expence/Preview Content\"";
				DEVELOPMENT_TEAM = CJHK4FP72G;
				ENABLE_PREVIEWS = YES;
				GENERATE_INFOPLIST_FILE = YES;
				INFOPLIST_FILE = Expence/Info.plist;
				INFOPLIST_KEY_UIApplicationSceneManifest_Generation = YES;
				INFOPLIST_KEY_UIApplicationSupportsIndirectInputEvents = YES;
				INFOPLIST_KEY_UILaunchScreen_Generation = YES;
				INFOPLIST_KEY_UISupportedInterfaceOrientations_iPad = "UIInterfaceOrientationPortrait UIInterfaceOrientationPortraitUpsideDown UIInterfaceOrientationLandscapeLeft UIInterfaceOrientationLandscapeRight";
				INFOPLIST_KEY_UISupportedInterfaceOrientations_iPhone = "UIInterfaceOrientationPortrait UIInterfaceOrientationLandscapeLeft UIInterfaceOrientationLandscapeRight";
				LD_RUNPATH_SEARCH_PATHS = (
					"$(inherited)",
					"@executable_path/Frameworks",
				);
				MARKETING_VERSION = 1.0;
				PRODUCT_BUNDLE_IDENTIFIER = jp.mknn.Expence;
				PRODUCT_NAME = "$(TARGET_NAME)";
				SWIFT_EMIT_LOC_STRINGS = YES;
				SWIFT_VERSION = 5.0;
				TARGETED_DEVICE_FAMILY = "1,2";
			};
			name = Debug;
		};
		20126A072D3A377C00860F53 /* Release */ = {
			isa = XCBuildConfiguration;
			buildSettings = {
				ASSETCATALOG_COMPILER_APPICON_NAME = AppIcon;
				ASSETCATALOG_COMPILER_GLOBAL_ACCENT_COLOR_NAME = AccentColor;
				CODE_SIGN_ENTITLEMENTS = Expence/Expence.entitlements;
				CODE_SIGN_STYLE = Automatic;
				CURRENT_PROJECT_VERSION = 1;
				DEVELOPMENT_ASSET_PATHS = "\"Expence/Preview Content\"";
				DEVELOPMENT_TEAM = CJHK4FP72G;
				ENABLE_PREVIEWS = YES;
				GENERATE_INFOPLIST_FILE = YES;
				INFOPLIST_FILE = Expence/Info.plist;
				INFOPLIST_KEY_UIApplicationSceneManifest_Generation = YES;
				INFOPLIST_KEY_UIApplicationSupportsIndirectInputEvents = YES;
				INFOPLIST_KEY_UILaunchScreen_Generation = YES;
				INFOPLIST_KEY_UISupportedInterfaceOrientations_iPad = "UIInterfaceOrientationPortrait UIInterfaceOrientationPortraitUpsideDown UIInterfaceOrientationLandscapeLeft UIInterfaceOrientationLandscapeRight";
				INFOPLIST_KEY_UISupportedInterfaceOrientations_iPhone = "UIInterfaceOrientationPortrait UIInterfaceOrientationLandscapeLeft UIInterfaceOrientationLandscapeRight";
				LD_RUNPATH_SEARCH_PATHS = (
					"$(inherited)",
					"@executable_path/Frameworks",
				);
				MARKETING_VERSION = 1.0;
				PRODUCT_BUNDLE_IDENTIFIER = jp.mknn.Expence;
				PRODUCT_NAME = "$(TARGET_NAME)";
				SWIFT_EMIT_LOC_STRINGS = YES;
				SWIFT_VERSION = 5.0;
				TARGETED_DEVICE_FAMILY = "1,2";
			};
			name = Release;
		};
		20126A082D3A377C00860F53 /* Debug */ = {
			isa = XCBuildConfiguration;
			buildSettings = {
				ALWAYS_SEARCH_USER_PATHS = NO;
				ASSETCATALOG_COMPILER_GENERATE_SWIFT_ASSET_SYMBOL_EXTENSIONS = YES;
				CLANG_ANALYZER_NONNULL = YES;
				CLANG_ANALYZER_NUMBER_OBJECT_CONVERSION = YES_AGGRESSIVE;
				CLANG_CXX_LANGUAGE_STANDARD = "gnu++20";
				CLANG_ENABLE_MODULES = YES;
				CLANG_ENABLE_OBJC_ARC = YES;
				CLANG_ENABLE_OBJC_WEAK = YES;
				CLANG_WARN_BLOCK_CAPTURE_AUTORELEASING = YES;
				CLANG_WARN_BOOL_CONVERSION = YES;
				CLANG_WARN_COMMA = YES;
				CLANG_WARN_CONSTANT_CONVERSION = YES;
				CLANG_WARN_DEPRECATED_OBJC_IMPLEMENTATIONS = YES;
				CLANG_WARN_DIRECT_OBJC_ISA_USAGE = YES_ERROR;
				CLANG_WARN_DOCUMENTATION_COMMENTS = YES;
				CLANG_WARN_EMPTY_BODY = YES;
				CLANG_WARN_ENUM_CONVERSION = YES;
				CLANG_WARN_INFINITE_RECURSION = YES;
				CLANG_WARN_INT_CONVERSION = YES;
				CLANG_WARN_NON_LITERAL_NULL_CONVERSION = YES;
				CLANG_WARN_OBJC_IMPLICIT_RETAIN_SELF = YES;
				CLANG_WARN_OBJC_LITERAL_CONVERSION = YES;
				CLANG_WARN_OBJC_ROOT_CLASS = YES_ERROR;
				CLANG_WARN_QUOTED_INCLUDE_IN_FRAMEWORK_HEADER = YES;
				CLANG_WARN_RANGE_LOOP_ANALYSIS = YES;
				CLANG_WARN_STRICT_PROTOTYPES = YES;
				CLANG_WARN_SUSPICIOUS_MOVE = YES;
				CLANG_WARN_UNGUARDED_AVAILABILITY = YES_AGGRESSIVE;
				CLANG_WARN_UNREACHABLE_CODE = YES;
				CLANG_WARN__DUPLICATE_METHOD_MATCH = YES;
				COPY_PHASE_STRIP = NO;
				DEBUG_INFORMATION_FORMAT = dwarf;
				ENABLE_STRICT_OBJC_MSGSEND = YES;
				ENABLE_TESTABILITY = YES;
				ENABLE_USER_SCRIPT_SANDBOXING = YES;
				GCC_C_LANGUAGE_STANDARD = gnu17;
				GCC_DYNAMIC_NO_PIC = NO;
				GCC_NO_COMMON_BLOCKS = YES;
				GCC_OPTIMIZATION_LEVEL = 0;
				GCC_PREPROCESSOR_DEFINITIONS = (
					"DEBUG=1",
					"$(inherited)",
				);
				GCC_WARN_64_TO_32_BIT_CONVERSION = YES;
				GCC_WARN_ABOUT_RETURN_TYPE = YES_ERROR;
				GCC_WARN_UNDECLARED_SELECTOR = YES;
				GCC_WARN_UNINITIALIZED_AUTOS = YES_AGGRESSIVE;
				GCC_WARN_UNUSED_FUNCTION = YES;
				GCC_WARN_UNUSED_VARIABLE = YES;
				IPHONEOS_DEPLOYMENT_TARGET = 18.2;
				LOCALIZATION_PREFERS_STRING_CATALOGS = YES;
				MTL_ENABLE_DEBUG_INFO = INCLUDE_SOURCE;
				MTL_FAST_MATH = YES;
				ONLY_ACTIVE_ARCH = YES;
				SDKROOT = iphoneos;
				SWIFT_ACTIVE_COMPILATION_CONDITIONS = "DEBUG $(inherited)";
				SWIFT_OPTIMIZATION_LEVEL = "-Onone";
			};
			name = Debug;
		};
		20126A092D3A377C00860F53 /* Release */ = {
			isa = XCBuildConfiguration;
			buildSettings = {
				ALWAYS_SEARCH_USER_PATHS = NO;
				ASSETCATALOG_COMPILER_GENERATE_SWIFT_ASSET_SYMBOL_EXTENSIONS = YES;
				CLANG_ANALYZER_NONNULL = YES;
				CLANG_ANALYZER_NUMBER_OBJECT_CONVERSION = YES_AGGRESSIVE;
				CLANG_CXX_LANGUAGE_STANDARD = "gnu++20";
				CLANG_ENABLE_MODULES = YES;
				CLANG_ENABLE_OBJC_ARC = YES;
				CLANG_ENABLE_OBJC_WEAK = YES;
				CLANG_WARN_BLOCK_CAPTURE_AUTORELEASING = YES;
				CLANG_WARN_BOOL_CONVERSION = YES;
				CLANG_WARN_COMMA = YES;
				CLANG_WARN_CONSTANT_CONVERSION = YES;
				CLANG_WARN_DEPRECATED_OBJC_IMPLEMENTATIONS = YES;
				CLANG_WARN_DIRECT_OBJC_ISA_USAGE = YES_ERROR;
				CLANG_WARN_DOCUMENTATION_COMMENTS = YES;
				CLANG_WARN_EMPTY_BODY = YES;
				CLANG_WARN_ENUM_CONVERSION = YES;
				CLANG_WARN_INFINITE_RECURSION = YES;
				CLANG_WARN_INT_CONVERSION = YES;
				CLANG_WARN_NON_LITERAL_NULL_CONVERSION = YES;
				CLANG_WARN_OBJC_IMPLICIT_RETAIN_SELF = YES;
				CLANG_WARN_OBJC_LITERAL_CONVERSION = YES;
				CLANG_WARN_OBJC_ROOT_CLASS = YES_ERROR;
				CLANG_WARN_QUOTED_INCLUDE_IN_FRAMEWORK_HEADER = YES;
				CLANG_WARN_RANGE_LOOP_ANALYSIS = YES;
				CLANG_WARN_STRICT_PROTOTYPES = YES;
				CLANG_WARN_SUSPICIOUS_MOVE = YES;
				CLANG_WARN_UNGUARDED_AVAILABILITY = YES_AGGRESSIVE;
				CLANG_WARN_UNREACHABLE_CODE = YES;
				CLANG_WARN__DUPLICATE_METHOD_MATCH = YES;
				COPY_PHASE_STRIP = NO;
				DEBUG_INFORMATION_FORMAT = "dwarf-with-dsym";
				ENABLE_NS_ASSERTIONS = NO;
				ENABLE_STRICT_OBJC_MSGSEND = YES;
				ENABLE_USER_SCRIPT_SANDBOXING = YES;
				GCC_C_LANGUAGE_STANDARD = gnu17;
				GCC_NO_COMMON_BLOCKS = YES;
				GCC_WARN_64_TO_32_BIT_CONVERSION = YES;
				GCC_WARN_ABOUT_RETURN_TYPE = YES_ERROR;
				GCC_WARN_UNDECLARED_SELECTOR = YES;
				GCC_WARN_UNINITIALIZED_AUTOS = YES_AGGRESSIVE;
				GCC_WARN_UNUSED_FUNCTION = YES;
				GCC_WARN_UNUSED_VARIABLE = YES;
				IPHONEOS_DEPLOYMENT_TARGET = 18.2;
				LOCALIZATION_PREFERS_STRING_CATALOGS = YES;
				MTL_ENABLE_DEBUG_INFO = NO;
				MTL_FAST_MATH = YES;
				SDKROOT = iphoneos;
				SWIFT_COMPILATION_MODE = wholemodule;
				VALIDATE_PRODUCT = YES;
			};
			name = Release;
		};
		20126A0B2D3A377C00860F53 /* Debug */ = {
			isa = XCBuildConfiguration;
			buildSettings = {
				BUNDLE_LOADER = "$(TEST_HOST)";
				CODE_SIGN_STYLE = Automatic;
				CURRENT_PROJECT_VERSION = 1;
				DEVELOPMENT_TEAM = CJHK4FP72G;
				GENERATE_INFOPLIST_FILE = YES;
				IPHONEOS_DEPLOYMENT_TARGET = 18.2;
				MARKETING_VERSION = 1.0;
				PRODUCT_BUNDLE_IDENTIFIER = jp.mknn.ExpenceTests;
				PRODUCT_NAME = "$(TARGET_NAME)";
				SWIFT_EMIT_LOC_STRINGS = NO;
				SWIFT_VERSION = 5.0;
				TARGETED_DEVICE_FAMILY = "1,2";
				TEST_HOST = "$(BUILT_PRODUCTS_DIR)/Expence.app/$(BUNDLE_EXECUTABLE_FOLDER_PATH)/Expence";
			};
			name = Debug;
		};
		20126A0C2D3A377C00860F53 /* Release */ = {
			isa = XCBuildConfiguration;
			buildSettings = {
				BUNDLE_LOADER = "$(TEST_HOST)";
				CODE_SIGN_STYLE = Automatic;
				CURRENT_PROJECT_VERSION = 1;
				DEVELOPMENT_TEAM = CJHK4FP72G;
				GENERATE_INFOPLIST_FILE = YES;
				IPHONEOS_DEPLOYMENT_TARGET = 18.2;
				MARKETING_VERSION = 1.0;
				PRODUCT_BUNDLE_IDENTIFIER = jp.mknn.ExpenceTests;
				PRODUCT_NAME = "$(TARGET_NAME)";
				SWIFT_EMIT_LOC_STRINGS = NO;
				SWIFT_VERSION = 5.0;
				TARGETED_DEVICE_FAMILY = "1,2";
				TEST_HOST = "$(BUILT_PRODUCTS_DIR)/Expence.app/$(BUNDLE_EXECUTABLE_FOLDER_PATH)/Expence";
			};
			name = Release;
		};
		20126A0E2D3A377C00860F53 /* Debug */ = {
			isa = XCBuildConfiguration;
			buildSettings = {
				CODE_SIGN_STYLE = Automatic;
				CURRENT_PROJECT_VERSION = 1;
				DEVELOPMENT_TEAM = CJHK4FP72G;
				GENERATE_INFOPLIST_FILE = YES;
				MARKETING_VERSION = 1.0;
				PRODUCT_BUNDLE_IDENTIFIER = jp.mknn.ExpenceUITests;
				PRODUCT_NAME = "$(TARGET_NAME)";
				SWIFT_EMIT_LOC_STRINGS = NO;
				SWIFT_VERSION = 5.0;
				TARGETED_DEVICE_FAMILY = "1,2";
				TEST_TARGET_NAME = Expence;
			};
			name = Debug;
		};
		20126A0F2D3A377C00860F53 /* Release */ = {
			isa = XCBuildConfiguration;
			buildSettings = {
				CODE_SIGN_STYLE = Automatic;
				CURRENT_PROJECT_VERSION = 1;
				DEVELOPMENT_TEAM = CJHK4FP72G;
				GENERATE_INFOPLIST_FILE = YES;
				MARKETING_VERSION = 1.0;
				PRODUCT_BUNDLE_IDENTIFIER = jp.mknn.ExpenceUITests;
				PRODUCT_NAME = "$(TARGET_NAME)";
				SWIFT_EMIT_LOC_STRINGS = NO;
				SWIFT_VERSION = 5.0;
				TARGETED_DEVICE_FAMILY = "1,2";
				TEST_TARGET_NAME = Expence;
			};
			name = Release;
		};
/* End XCBuildConfiguration section */

/* Begin XCConfigurationList section */
		201269D92D3A377800860F53 /* Build configuration list for PBXProject "Expence" */ = {
			isa = XCConfigurationList;
			buildConfigurations = (
				20126A082D3A377C00860F53 /* Debug */,
				20126A092D3A377C00860F53 /* Release */,
			);
			defaultConfigurationIsVisible = 0;
			defaultConfigurationName = Release;
		};
		20126A052D3A377C00860F53 /* Build configuration list for PBXNativeTarget "Expence" */ = {
			isa = XCConfigurationList;
			buildConfigurations = (
				20126A062D3A377C00860F53 /* Debug */,
				20126A072D3A377C00860F53 /* Release */,
			);
			defaultConfigurationIsVisible = 0;
			defaultConfigurationName = Release;
		};
		20126A0A2D3A377C00860F53 /* Build configuration list for PBXNativeTarget "ExpenceTests" */ = {
			isa = XCConfigurationList;
			buildConfigurations = (
				20126A0B2D3A377C00860F53 /* Debug */,
				20126A0C2D3A377C00860F53 /* Release */,
			);
			defaultConfigurationIsVisible = 0;
			defaultConfigurationName = Release;
		};
		20126A0D2D3A377C00860F53 /* Build configuration list for PBXNativeTarget "ExpenceUITests" */ = {
			isa = XCConfigurationList;
			buildConfigurations = (
				20126A0E2D3A377C00860F53 /* Debug */,
				20126A0F2D3A377C00860F53 /* Release */,
			);
			defaultConfigurationIsVisible = 0;
			defaultConfigurationName = Release;
		};
/* End XCConfigurationList section */

/* Begin XCRemoteSwiftPackageReference section */
		2073F7832D8FE0AD0048C8FA /* XCRemoteSwiftPackageReference "async-swift-ui" */ = {
			isa = XCRemoteSwiftPackageReference;
			repositoryURL = "https://github.com/makinosp/async-swift-ui";
			requirement = {
				branch = main;
				kind = branch;
			};
		};
		2073F7862D8FE0CD0048C8FA /* XCRemoteSwiftPackageReference "LicenseList" */ = {
			isa = XCRemoteSwiftPackageReference;
			repositoryURL = "https://github.com/cybozu/LicenseList.git";
			requirement = {
				kind = upToNextMajorVersion;
				minimumVersion = 2.0.1;
			};
		};
		2073F7892D8FE0F00048C8FA /* XCRemoteSwiftPackageReference "swift-memberwise-init-macro" */ = {
			isa = XCRemoteSwiftPackageReference;
			repositoryURL = "https://github.com/gohanlon/swift-memberwise-init-macro";
			requirement = {
				kind = upToNextMajorVersion;
				minimumVersion = 0.5.2;
			};
		};
/* End XCRemoteSwiftPackageReference section */

/* Begin XCSwiftPackageProductDependency section */
		2073F7842D8FE0AD0048C8FA /* AsyncSwiftUI */ = {
			isa = XCSwiftPackageProductDependency;
			package = 2073F7832D8FE0AD0048C8FA /* XCRemoteSwiftPackageReference "async-swift-ui" */;
			productName = AsyncSwiftUI;
		};
		2073F7872D8FE0CD0048C8FA /* LicenseList */ = {
			isa = XCSwiftPackageProductDependency;
			package = 2073F7862D8FE0CD0048C8FA /* XCRemoteSwiftPackageReference "LicenseList" */;
			productName = LicenseList;
		};
		2073F78A2D8FE0F00048C8FA /* MemberwiseInit */ = {
			isa = XCSwiftPackageProductDependency;
			package = 2073F7892D8FE0F00048C8FA /* XCRemoteSwiftPackageReference "swift-memberwise-init-macro" */;
			productName = MemberwiseInit;
		};
/* End XCSwiftPackageProductDependency section */
	};
	rootObject = 201269D62D3A377800860F53 /* Project object */;
}
